
Microsoft Visual Studio Solution File, Format Version 12.00
# Visual Studio Version 16
VisualStudioVersion = 16.0.30413.136
MinimumVisualStudioVersion = 10.0.40219.1
Project("{FAE04EC0-301F-11D3-BF4B-00C04F79EFBC}") = "DAL", "DAL\DAL.csproj", "{B5A91DBA-11FA-4F3A-A562-37B2F14AA951}"
EndProject
Project("{FAE04EC0-301F-11D3-BF4B-00C04F79EFBC}") = "API", "API\API.csproj", "{11F7DB77-B67F-4A70-8BAA-56B6DCD2305F}"
EndProject
Project("{FAE04EC0-301F-11D3-BF4B-00C04F79EFBC}") = "BLL", "BLL\BLL.csproj", "{A0132E54-0626-43DD-9779-192D4D019282}"
EndProject
Project("{FAE04EC0-301F-11D3-BF4B-00C04F79EFBC}") = "Model", "Model\Model.csproj", "{9F9DDEAB-2637-47B3-9739-7E8F11BE030D}"
EndProject
Global
	GlobalSection(SolutionConfigurationPlatforms) = preSolution
		Debug|Any CPU = Debug|Any CPU
		Release|Any CPU = Release|Any CPU
	EndGlobalSection
	GlobalSection(ProjectConfigurationPlatforms) = postSolution
		{B5A91DBA-11FA-4F3A-A562-37B2F14AA951}.Debug|Any CPU.ActiveCfg = Debug|Any CPU
		{B5A91DBA-11FA-4F3A-A562-37B2F14AA951}.Debug|Any CPU.Build.0 = Debug|Any CPU
		{B5A91DBA-11FA-4F3A-A562-37B2F14AA951}.Release|Any CPU.ActiveCfg = Release|Any CPU
		{B5A91DBA-11FA-4F3A-A562-37B2F14AA951}.Release|Any CPU.Build.0 = Release|Any CPU
		{11F7DB77-B67F-4A70-8BAA-56B6DCD2305F}.Debug|Any CPU.ActiveCfg = Debug|Any CPU
		{11F7DB77-B67F-4A70-8BAA-56B6DCD2305F}.Debug|Any CPU.Build.0 = Debug|Any CPU
		{11F7DB77-B67F-4A70-8BAA-56B6DCD2305F}.Release|Any CPU.ActiveCfg = Release|Any CPU
		{11F7DB77-B67F-4A70-8BAA-56B6DCD2305F}.Release|Any CPU.Build.0 = Release|Any CPU
		{A0132E54-0626-43DD-9779-192D4D019282}.Debug|Any CPU.ActiveCfg = Debug|Any CPU
		{A0132E54-0626-43DD-9779-192D4D019282}.Debug|Any CPU.Build.0 = Debug|Any CPU
		{A0132E54-0626-43DD-9779-192D4D019282}.Release|Any CPU.ActiveCfg = Release|Any CPU
		{A0132E54-0626-43DD-9779-192D4D019282}.Release|Any CPU.Build.0 = Release|Any CPU
		{9F9DDEAB-2637-47B3-9739-7E8F11BE030D}.Debug|Any CPU.ActiveCfg = Debug|Any CPU
		{9F9DDEAB-2637-47B3-9739-7E8F11BE030D}.Debug|Any CPU.Build.0 = Debug|Any CPU
		{9F9DDEAB-2637-47B3-9739-7E8F11BE030D}.Release|Any CPU.ActiveCfg = Release|Any CPU
		{9F9DDEAB-2637-47B3-9739-7E8F11BE030D}.Release|Any CPU.Build.0 = Release|Any CPU
	EndGlobalSection
	GlobalSection(SolutionProperties) = preSolution
		HideSolutionNode = FALSE
	EndGlobalSection
	GlobalSection(ExtensibilityGlobals) = postSolution
		SolutionGuid = {2A3A67B1-9AA5-4862-AF64-DA983C13D235}
	EndGlobalSection
EndGlobal
